
Microsoft Visual Studio Solution File, Format Version 12.00
# Visual Studio Version 17
VisualStudioVersion = 17.2.32526.322
MinimumVisualStudioVersion = 10.0.40219.1
Project("{FAE04EC0-301F-11D3-BF4B-00C04F79EFBC}") = "FinancesExtended", "FinancesExtended\FinancesExtended.csproj", "{731BF463-6646-46ED-9C70-3DBCCE8F044E}"
EndProject
Global
	GlobalSection(SolutionConfigurationPlatforms) = preSolution
		Debug|Any CPU = Debug|Any CPU
		Release|Any CPU = Release|Any CPU
	EndGlobalSection
	GlobalSection(ProjectConfigurationPlatforms) = postSolution
		{731BF463-6646-46ED-9C70-3DBCCE8F044E}.Debug|Any CPU.ActiveCfg = Debug|Any CPU
		{731BF463-6646-46ED-9C70-3DBCCE8F044E}.Debug|Any CPU.Build.0 = Debug|Any CPU
		{731BF463-6646-46ED-9C70-3DBCCE8F044E}.Release|Any CPU.ActiveCfg = Release|Any CPU
		{731BF463-6646-46ED-9C70-3DBCCE8F044E}.Release|Any CPU.Build.0 = Release|Any CPU
	EndGlobalSection
	GlobalSection(SolutionProperties) = preSolution
		HideSolutionNode = FALSE
	EndGlobalSection
	GlobalSection(ExtensibilityGlobals) = postSolution
		SolutionGuid = {B00F9F2F-B088-4BF4-AEA3-4C960FF352E7}
	EndGlobalSection
EndGlobal
